<?xml version="1.0" encoding="utf-8"?>
<Project ToolsVersion="4.0" xmlns="http://schemas.microsoft.com/developer/msbuild/2003">
  <ItemGroup>
    <Filter Include="External">
      <UniqueIdentifier>{67DA6AB6-F800-4c08-8B7A-83BB121AAD01}</UniqueIdentifier>
      <Extensions>rc;ico;cur;bmp;dlg;rc2;rct;bin;rgs;gif;jpg;jpeg;jpe;resx;tiff;tif;png;wav;mfcribbon-ms</Extensions>
    </Filter>
    <Filter Include="Source">
      <UniqueIdentifier>{4FC737F1-C7A5-4376-A066-2A32D752A2FF}</UniqueIdentifier>
      <Extensions>cpp;c;cc;cxx;def;odl;idl;hpj;bat;asm;asmx</Extensions>
    </Filter>
    <Filter Include="HLSL">
      <UniqueIdentifier>{9f64f4ff-d9e0-43d7-88e1-13e6d3656a89}</UniqueIdentifier>
      <Extensions>hlsl;hlsli</Extensions>
    </Filter>
    <Filter Include="External\imgui">
      <UniqueIdentifier>{c85446c9-90d2-4441-add5-5aac511d95ce}</UniqueIdentifier>
    </Filter>
    <Filter Include="External\DirectXTex">
      <UniqueIdentifier>{8dd0c8ba-1f1c-4648-8a04-c28bb5a1c75a}</UniqueIdentifier>
    </Filter>
    <Filter Include="Source\Input">
      <UniqueIdentifier>{1922815d-5a70-4f38-9fbd-fb6e72c44df0}</UniqueIdentifier>
    </Filter>
    <Filter Include="Source\Graphics">
      <UniqueIdentifier>{2ac7cb79-cb10-43d1-856f-e51f0f698e73}</UniqueIdentifier>
    </Filter>
    <Filter Include="Source\Audio">
      <UniqueIdentifier>{dfdec87c-66e2-424a-8126-477d89e5eb73}</UniqueIdentifier>
    </Filter>
    <Filter Include="Source\Camera">
      <UniqueIdentifier>{f05fb4ed-55bf-463b-b75b-599795396e2c}</UniqueIdentifier>
    </Filter>
    <Filter Include="Source\Projectile">
      <UniqueIdentifier>{0d3f21e4-3024-41a6-9bfb-1dabd391ebc4}</UniqueIdentifier>
    </Filter>
    <Filter Include="Source\Character">
      <UniqueIdentifier>{2c5e5999-8c4c-40c7-b5e2-5114eb3e10ef}</UniqueIdentifier>
    </Filter>
    <Filter Include="Source\Character\Enemy">
      <UniqueIdentifier>{7fc03518-8520-4d09-ba2f-36dd8bedf0df}</UniqueIdentifier>
    </Filter>
    <Filter Include="Source\Other">
      <UniqueIdentifier>{95b78dc7-0755-422d-a9b8-e6619ec7769b}</UniqueIdentifier>
    </Filter>
    <Filter Include="Source\Effekseer">
      <UniqueIdentifier>{aa075a61-5e26-41ba-808c-d4bc4ce86252}</UniqueIdentifier>
    </Filter>
    <Filter Include="Source\Scene">
      <UniqueIdentifier>{8b016800-98c8-403a-bd05-2ca5686b545b}</UniqueIdentifier>
    </Filter>
    <Filter Include="Source\Stage">
      <UniqueIdentifier>{05cc1565-350f-4a31-ae5e-1124782536be}</UniqueIdentifier>
    </Filter>
    <Filter Include="Source\Graphics\Shader">
      <UniqueIdentifier>{80ce996f-cb99-4a9c-8a4c-87d392f99081}</UniqueIdentifier>
    </Filter>
    <Filter Include="Source\Graphics\Polygon">
      <UniqueIdentifier>{5688a902-52d8-4be3-8060-3b584841f340}</UniqueIdentifier>
    </Filter>
    <Filter Include="Source\Graphics\Render">
      <UniqueIdentifier>{b214d2cb-84a8-41ff-b1e4-dc3c4c8c7893}</UniqueIdentifier>
    </Filter>
    <Filter Include="HLSL\Debug">
      <UniqueIdentifier>{bc1717a1-2136-43b5-9e15-b3a25ec691b0}</UniqueIdentifier>
    </Filter>
    <Filter Include="HLSL\ImGui">
      <UniqueIdentifier>{a8a71f3b-a6ed-4e26-a1ce-5394d89b1976}</UniqueIdentifier>
    </Filter>
    <Filter Include="HLSL\Line">
      <UniqueIdentifier>{a3ca8936-8a7f-4b96-82af-38fcd65edff5}</UniqueIdentifier>
    </Filter>
    <Filter Include="HLSL\Sprite">
      <UniqueIdentifier>{8f40207d-a91f-42d3-b2a2-0097f2f62e38}</UniqueIdentifier>
    </Filter>
    <Filter Include="HLSL\DefaltLit">
      <UniqueIdentifier>{5c90581e-8740-45a4-a6e2-89463d9db18e}</UniqueIdentifier>
    </Filter>
    <Filter Include="Source\Scene\GameScene">
      <UniqueIdentifier>{df8e8d8b-3c47-449d-9ca7-b2d976e0d22c}</UniqueIdentifier>
    </Filter>
    <Filter Include="Source\Scene\GameScene\0.おにごっこ">
      <UniqueIdentifier>{c51e90c0-8dcd-4b5c-bc1e-5766f7c85d8e}</UniqueIdentifier>
    </Filter>
    <Filter Include="Source\Scene\GameScene\1.だるまさんが転んだ">
      <UniqueIdentifier>{84f86738-c6c4-4ced-a8ea-4aab95ac6ad4}</UniqueIdentifier>
    </Filter>
    <Filter Include="Source\Scene\GameScene\2.寸止め">
      <UniqueIdentifier>{733b4247-8dbd-4ea2-9101-6a52852e777a}</UniqueIdentifier>
    </Filter>
    <Filter Include="Source\Scene\GameScene\4.おっさん叩き">
      <UniqueIdentifier>{c26c3a82-0ab9-40da-ac3b-1a2bb627a17a}</UniqueIdentifier>
    </Filter>
    <Filter Include="Source\Scene\GameScene\5.足場渡り">
      <UniqueIdentifier>{1cb23151-c0c0-49a9-a926-17217e6c86e1}</UniqueIdentifier>
    </Filter>
    <Filter Include="Source\Character\Obstacle">
      <UniqueIdentifier>{2e918a64-2176-47ee-857b-704646bd8610}</UniqueIdentifier>
    </Filter>
    <Filter Include="Source\Character\Enemy\Setting">
      <UniqueIdentifier>{cf5527fa-61dc-4736-95c6-0e9645d078c3}</UniqueIdentifier>
    </Filter>
    <Filter Include="Source\Character\Item">
      <UniqueIdentifier>{1b2311f6-fc94-4b2a-ac8a-ee04d0d46da8}</UniqueIdentifier>
    </Filter>
    <Filter Include="Source\Character\Obstacle\Setting">
      <UniqueIdentifier>{1b8f79b5-51e9-4a0c-b09e-63c07dd1aa19}</UniqueIdentifier>
    </Filter>
    <Filter Include="Source\Character\Item\Setting">
      <UniqueIdentifier>{1199c946-84c6-4bba-9beb-b99ffadcf151}</UniqueIdentifier>
    </Filter>
    <Filter Include="Source\Character\Player">
      <UniqueIdentifier>{c9c54b5d-3e9a-4afa-9cdb-384c83fdaced}</UniqueIdentifier>
    </Filter>
    <Filter Include="Source\Character\Player\0_おにごっこ">
      <UniqueIdentifier>{af8b831d-2027-4081-bca5-6bafc0c2b31d}</UniqueIdentifier>
    </Filter>
    <Filter Include="Source\Character\Player\1_だるまさんが転んだ">
      <UniqueIdentifier>{1a6ecf51-7525-4bd9-be3a-58289b08ef1c}</UniqueIdentifier>
    </Filter>
    <Filter Include="Source\Character\Player\2_寸止め">
      <UniqueIdentifier>{885b70c1-afcb-4689-82f4-105f902f2438}</UniqueIdentifier>
    </Filter>
    <Filter Include="Source\Character\Player\3_空飛ぶ風船割り">
      <UniqueIdentifier>{bfaca576-6d02-4839-8a5d-c71b66c6f685}</UniqueIdentifier>
    </Filter>
    <Filter Include="Source\Scene\GameScene\3.空飛ぶ風船割り">
      <UniqueIdentifier>{ea44a145-8f79-44a4-b071-eb892cdddb4e}</UniqueIdentifier>
    </Filter>
    <Filter Include="Source\Character\Player\4_おっさんたたき">
      <UniqueIdentifier>{e9534b39-e7db-4471-b85c-4e7dc19920ae}</UniqueIdentifier>
    </Filter>
    <Filter Include="Source\Character\Player\5_足場渡り">
      <UniqueIdentifier>{3fa1a2e2-4c08-4d05-8f47-1dcb7ba377ef}</UniqueIdentifier>
    </Filter>
    <Filter Include="Source\Stage\StageGame">
      <UniqueIdentifier>{a1a77253-e021-4416-9cf8-767ff1e7adc3}</UniqueIdentifier>
    </Filter>
    <Filter Include="Source\Stage\0.Setting">
      <UniqueIdentifier>{89b76415-65c2-4962-bb7d-8d4b66855553}</UniqueIdentifier>
    </Filter>
    <Filter Include="Source\Scene\OtherScene">
      <UniqueIdentifier>{2c919b1c-2241-4d6b-827c-cc9f6fe8a01d}</UniqueIdentifier>
    </Filter>
    <Filter Include="Source\Character\Director">
      <UniqueIdentifier>{ad0e3991-b74f-423e-980b-835daf93e107}</UniqueIdentifier>
    </Filter>
  </ItemGroup>
  <ItemGroup>
    <ClInclude Include="External\imgui\imconfig.h">
      <Filter>External\imgui</Filter>
    </ClInclude>
    <ClInclude Include="External\imgui\imgui.h">
      <Filter>External\imgui</Filter>
    </ClInclude>
    <ClInclude Include="External\imgui\imgui_internal.h">
      <Filter>External\imgui</Filter>
    </ClInclude>
    <ClInclude Include="External\imgui\imstb_rectpack.h">
      <Filter>External\imgui</Filter>
    </ClInclude>
    <ClInclude Include="External\imgui\imstb_textedit.h">
      <Filter>External\imgui</Filter>
    </ClInclude>
    <ClInclude Include="External\imgui\imstb_truetype.h">
      <Filter>External\imgui</Filter>
    </ClInclude>
    <ClInclude Include="External\DirectXTex\WICTextureLoader.h">
      <Filter>External\DirectXTex</Filter>
    </ClInclude>
    <ClInclude Include="Source\Input\GamePad.h">
      <Filter>Source\Input</Filter>
    </ClInclude>
    <ClInclude Include="Source\Graphics\Graphics.h">
      <Filter>Source\Graphics</Filter>
    </ClInclude>
    <ClInclude Include="Source\Input\Input.h">
      <Filter>Source\Input</Filter>
    </ClInclude>
    <ClInclude Include="Source\Audio\Audio.h">
      <Filter>Source\Audio</Filter>
    </ClInclude>
    <ClInclude Include="Source\Audio\AudioResource.h">
      <Filter>Source\Audio</Filter>
    </ClInclude>
    <ClInclude Include="Source\Audio\AudioSource.h">
      <Filter>Source\Audio</Filter>
    </ClInclude>
    <ClInclude Include="Source\Input\Mouse.h">
      <Filter>Source\Input</Filter>
    </ClInclude>
    <ClInclude Include="Source\Other\Collision.h">
      <Filter>Source</Filter>
    </ClInclude>
    <ClInclude Include="Source\Game\Camera\Camera.h">
      <Filter>Source\Camera</Filter>
    </ClInclude>
    <ClInclude Include="Source\Game\Camera\CameraController.h">
      <Filter>Source\Camera</Filter>
    </ClInclude>
    <ClInclude Include="Source\Game\Character\Enemy\EnemyOni.h">
      <Filter>Source\Character\Enemy</Filter>
    </ClInclude>
    <ClInclude Include="Source\Game\Character\Projectile\Projectile.h">
      <Filter>Source\Projectile</Filter>
    </ClInclude>
    <ClInclude Include="Source\Game\Character\Projectile\ProjectileHoming.h">
      <Filter>Source\Projectile</Filter>
    </ClInclude>
    <ClInclude Include="Source\Game\Character\Projectile\ProjectileManager.h">
      <Filter>Source\Projectile</Filter>
    </ClInclude>
    <ClInclude Include="Source\Game\Character\Projectile\ProjectileStraight.h">
      <Filter>Source\Projectile</Filter>
    </ClInclude>
    <ClInclude Include="Source\Game\Character\Character.h">
      <Filter>Source\Character</Filter>
    </ClInclude>
    <ClInclude Include="Source\Other\Misc.h">
      <Filter>Source\Other</Filter>
    </ClInclude>
    <ClInclude Include="Source\Other\Logger.h">
      <Filter>Source\Other</Filter>
    </ClInclude>
    <ClInclude Include="Source\Other\HighResolutionTimer.h">
      <Filter>Source\Other</Filter>
    </ClInclude>
    <ClInclude Include="Source\Other\Framework.h">
      <Filter>Source\Other</Filter>
    </ClInclude>
    <ClInclude Include="Source\Game\Effect\EffectManager.h">
      <Filter>Source\Effekseer</Filter>
    </ClInclude>
    <ClInclude Include="Source\Game\Effect\Effect.h">
      <Filter>Source\Effekseer</Filter>
    </ClInclude>
    <ClInclude Include="Source\Other\Mathf.h">
      <Filter>Source\Other</Filter>
    </ClInclude>
    <ClInclude Include="Source\Graphics\DefaltLitShader.h">
      <Filter>Source\Graphics\Shader</Filter>
    </ClInclude>
    <ClInclude Include="Source\Graphics\Model.h">
      <Filter>Source\Graphics\Polygon</Filter>
    </ClInclude>
    <ClInclude Include="Source\Graphics\ModelResource.h">
      <Filter>Source\Graphics\Polygon</Filter>
    </ClInclude>
    <ClInclude Include="Source\Graphics\Text.h">
      <Filter>Source\Graphics\Polygon</Filter>
    </ClInclude>
    <ClInclude Include="Source\Graphics\Sprite.h">
      <Filter>Source\Graphics\Polygon</Filter>
    </ClInclude>
    <ClInclude Include="Source\Graphics\Shader.h">
      <Filter>Source\Graphics\Shader</Filter>
    </ClInclude>
    <ClInclude Include="Source\Graphics\DebugRenderer.h">
      <Filter>Source\Graphics\Render</Filter>
    </ClInclude>
    <ClInclude Include="Source\Graphics\ImGuiRenderer.h">
      <Filter>Source\Graphics\Render</Filter>
    </ClInclude>
    <ClInclude Include="Source\Graphics\LineRenderer.h">
      <Filter>Source\Graphics\Render</Filter>
    </ClInclude>
    <ClInclude Include="Source\Graphics\RenderContext.h">
      <Filter>Source\Graphics\Render</Filter>
    </ClInclude>
    <ClInclude Include="Source\Graphics\ResourceManager.h">
      <Filter>Source\Graphics\Render</Filter>
    </ClInclude>
    <ClInclude Include="Source\Audio\BgmManager.h">
      <Filter>Source\Audio</Filter>
    </ClInclude>
    <ClInclude Include="Source\Audio\SoundManager.h">
      <Filter>Source\Audio</Filter>
    </ClInclude>
    <ClInclude Include="Source\Graphics\Fade.h">
      <Filter>Source\Graphics\Polygon</Filter>
    </ClInclude>
    <ClInclude Include="Source\Graphics\ShaderSetting.h">
      <Filter>Source\Graphics\Shader</Filter>
    </ClInclude>
    <ClInclude Include="Source\Graphics\HDRTexture.h">
      <Filter>Source\Graphics\Shader</Filter>
    </ClInclude>
    <ClInclude Include="Source\Graphics\RenderTarget.h">
      <Filter>Source\Graphics\Render</Filter>
    </ClInclude>
    <ClInclude Include="Source\Game\Scene\G1_DarumasangaKoronda.h">
      <Filter>Source\Scene\GameScene\1.だるまさんが転んだ</Filter>
    </ClInclude>
    <ClInclude Include="Source\Game\Scene\G2_Sundome.h">
      <Filter>Source\Scene\GameScene\2.寸止め</Filter>
    </ClInclude>
    <ClInclude Include="Source\Game\Scene\G3_SoratobuHusenWari.h">
      <Filter>Source\Scene\GameScene\3.空飛ぶ風船割り</Filter>
    </ClInclude>
    <ClInclude Include="Source\Game\Scene\G4_OssanTataki.h">
      <Filter>Source\Scene\GameScene\4.おっさん叩き</Filter>
    </ClInclude>
    <ClInclude Include="Source\Game\Scene\G5_Asibawatari.h">
      <Filter>Source\Scene\GameScene\5.足場渡り</Filter>
    </ClInclude>
    <ClInclude Include="Source\Game\Character\Enemy\Enemy.h">
      <Filter>Source\Character\Enemy\Setting</Filter>
    </ClInclude>
    <ClInclude Include="Source\Game\Character\Enemy\EnemyManager.h">
      <Filter>Source\Character\Enemy\Setting</Filter>
    </ClInclude>
    <ClInclude Include="Source\Game\Character\Obstacle\Obstacle.h">
      <Filter>Source\Character\Obstacle\Setting</Filter>
    </ClInclude>
    <ClInclude Include="Source\Game\Character\Obstacle\ObstacleManager.h">
      <Filter>Source\Character\Obstacle\Setting</Filter>
    </ClInclude>
    <ClInclude Include="Source\Game\Character\Item\Item.h">
      <Filter>Source\Character\Item\Setting</Filter>
    </ClInclude>
    <ClInclude Include="Source\Game\Character\Item\ItemManager.h">
      <Filter>Source\Character\Item\Setting</Filter>
    </ClInclude>
    <ClInclude Include="Source\Game\Character\Player\Player0_Onigokko.h">
      <Filter>Source\Character\Player\0_おにごっこ</Filter>
    </ClInclude>
    <ClInclude Include="Source\Game\Character\Player\Player1_DarumasangaKoronda.h">
      <Filter>Source\Character\Player\1_だるまさんが転んだ</Filter>
    </ClInclude>
    <ClInclude Include="Source\Game\Character\Player\Player2_Sundome.h">
      <Filter>Source\Character\Player\2_寸止め</Filter>
    </ClInclude>
    <ClInclude Include="Source\Game\Character\Player\Player3_SoratobuHusenWari.h">
      <Filter>Source\Character\Player\3_空飛ぶ風船割り</Filter>
    </ClInclude>
    <ClInclude Include="Source\Game\Character\Player\Player4_OssanTataki.h">
      <Filter>Source\Character\Player\4_おっさんたたき</Filter>
    </ClInclude>
    <ClInclude Include="Source\Game\Character\Player\Player5_AsibaWatari.h">
      <Filter>Source\Character\Player\5_足場渡り</Filter>
    </ClInclude>
    <ClInclude Include="Source\Game\Stage\Stage.h">
      <Filter>Source\Stage\0.Setting</Filter>
    </ClInclude>
    <ClInclude Include="Source\Game\Stage\StageManager.h">
      <Filter>Source\Stage\0.Setting</Filter>
    </ClInclude>
    <ClInclude Include="Source\Game\Stage\StageMoveFloor.h">
      <Filter>Source\Stage\0.Setting</Filter>
    </ClInclude>
    <ClInclude Include="Source\Game\Stage\StageGameSelect.h">
      <Filter>Source\Stage</Filter>
    </ClInclude>
    <ClInclude Include="Source\Game\Stage\G0_StageOnigokko.h">
      <Filter>Source\Stage\StageGame</Filter>
    </ClInclude>
    <ClInclude Include="Source\Game\Scene\Scene.h">
      <Filter>Source\Scene\OtherScene</Filter>
    </ClInclude>
    <ClInclude Include="Source\Game\Scene\SceneGameSelect.h">
      <Filter>Source\Scene\OtherScene</Filter>
    </ClInclude>
    <ClInclude Include="Source\Game\Scene\SceneLoading.h">
      <Filter>Source\Scene\OtherScene</Filter>
    </ClInclude>
    <ClInclude Include="Source\Game\Scene\SceneManager.h">
      <Filter>Source\Scene\OtherScene</Filter>
    </ClInclude>
    <ClInclude Include="Source\Game\Scene\SceneTitle.h">
      <Filter>Source\Scene\OtherScene</Filter>
    </ClInclude>
    <ClInclude Include="Source\Game\Stage\G1_StageDarumasangaKoronda.h">
      <Filter>Source\Stage\StageGame</Filter>
    </ClInclude>
    <ClInclude Include="Source\Game\Character\Director\Director.h">
      <Filter>Source\Character\Director</Filter>
    </ClInclude>
    <ClInclude Include="Source\Game\Character\Director\DirectorManager.h">
      <Filter>Source\Character\Director</Filter>
    </ClInclude>
    <ClInclude Include="Source\Game\Character\Director\CameraTarget.h">
      <Filter>Source\Character\Director</Filter>
    </ClInclude>
    <ClInclude Include="Source\Game\Character\Obstacle\Togemaru.h">
      <Filter>Source\Character\Obstacle</Filter>
    </ClInclude>
    <ClInclude Include="Source\Graphics\Timer.h">
      <Filter>Source\Graphics\Polygon</Filter>
    </ClInclude>
  </ItemGroup>
  <ItemGroup>
    <ClCompile Include="External\imgui\imgui.cpp">
      <Filter>External\imgui</Filter>
    </ClCompile>
    <ClCompile Include="External\imgui\imgui_demo.cpp">
      <Filter>External\imgui</Filter>
    </ClCompile>
    <ClCompile Include="External\imgui\imgui_draw.cpp">
      <Filter>External\imgui</Filter>
    </ClCompile>
    <ClCompile Include="External\imgui\imgui_widgets.cpp">
      <Filter>External\imgui</Filter>
    </ClCompile>
    <ClCompile Include="External\DirectXTex\WICTextureLoader.cpp">
      <Filter>External\DirectXTex</Filter>
    </ClCompile>
    <ClCompile Include="Source\Input\GamePad.cpp">
      <Filter>Source\Input</Filter>
    </ClCompile>
    <ClCompile Include="Source\Graphics\Graphics.cpp">
      <Filter>Source\Graphics</Filter>
    </ClCompile>
    <ClCompile Include="Source\Input\Input.cpp">
      <Filter>Source\Input</Filter>
    </ClCompile>
    <ClCompile Include="Source\Audio\Audio.cpp">
      <Filter>Source\Audio</Filter>
    </ClCompile>
    <ClCompile Include="Source\Audio\AudioResource.cpp">
      <Filter>Source\Audio</Filter>
    </ClCompile>
    <ClCompile Include="Source\Audio\AudioSource.cpp">
      <Filter>Source\Audio</Filter>
    </ClCompile>
    <ClCompile Include="Source\Input\Mouse.cpp">
      <Filter>Source\Input</Filter>
    </ClCompile>
    <ClCompile Include="Source\Other\Collision.cpp">
      <Filter>Source</Filter>
    </ClCompile>
    <ClCompile Include="Source\Game\Camera\Camera.cpp">
      <Filter>Source\Camera</Filter>
    </ClCompile>
    <ClCompile Include="Source\Game\Camera\CameraController.cpp">
      <Filter>Source\Camera</Filter>
    </ClCompile>
    <ClCompile Include="Source\Game\Character\Enemy\EnemyOni.cpp">
      <Filter>Source\Character\Enemy</Filter>
    </ClCompile>
    <ClCompile Include="Source\Game\Character\Projectile\Projectile.cpp">
      <Filter>Source\Projectile</Filter>
    </ClCompile>
    <ClCompile Include="Source\Game\Character\Projectile\ProjectileHoming.cpp">
      <Filter>Source\Projectile</Filter>
    </ClCompile>
    <ClCompile Include="Source\Game\Character\Projectile\ProjectileManager.cpp">
      <Filter>Source\Projectile</Filter>
    </ClCompile>
    <ClCompile Include="Source\Game\Character\Projectile\ProjectileStraight.cpp">
      <Filter>Source\Projectile</Filter>
    </ClCompile>
    <ClCompile Include="Source\Game\Character\Character.cpp">
      <Filter>Source\Character</Filter>
    </ClCompile>
    <ClCompile Include="Source\Other\Main.cpp">
      <Filter>Source\Other</Filter>
    </ClCompile>
    <ClCompile Include="Source\Other\Logger.cpp">
      <Filter>Source\Other</Filter>
    </ClCompile>
    <ClCompile Include="Source\Other\Framework.cpp">
      <Filter>Source\Other</Filter>
    </ClCompile>
    <ClCompile Include="Source\Game\Effect\EffectManager.cpp">
      <Filter>Source\Effekseer</Filter>
    </ClCompile>
    <ClCompile Include="Source\Game\Effect\Effect.cpp">
      <Filter>Source\Effekseer</Filter>
    </ClCompile>
    <ClCompile Include="Source\Other\Mathf.cpp">
      <Filter>Source\Other</Filter>
    </ClCompile>
    <ClCompile Include="Source\Graphics\DefaltLitShader.cpp">
      <Filter>Source\Graphics\Shader</Filter>
    </ClCompile>
    <ClCompile Include="Source\Graphics\Model.cpp">
      <Filter>Source\Graphics\Polygon</Filter>
    </ClCompile>
    <ClCompile Include="Source\Graphics\ModelResource.cpp">
      <Filter>Source\Graphics\Polygon</Filter>
    </ClCompile>
    <ClCompile Include="Source\Graphics\Sprite.cpp">
      <Filter>Source\Graphics\Polygon</Filter>
    </ClCompile>
    <ClCompile Include="Source\Graphics\Text.cpp">
      <Filter>Source\Graphics\Polygon</Filter>
    </ClCompile>
    <ClCompile Include="Source\Graphics\DebugRenderer.cpp">
      <Filter>Source\Graphics\Render</Filter>
    </ClCompile>
    <ClCompile Include="Source\Graphics\ImGuiRenderer.cpp">
      <Filter>Source\Graphics\Render</Filter>
    </ClCompile>
    <ClCompile Include="Source\Graphics\LineRenderer.cpp">
      <Filter>Source\Graphics\Render</Filter>
    </ClCompile>
    <ClCompile Include="Source\Graphics\ResourceManager.cpp">
      <Filter>Source\Graphics\Render</Filter>
    </ClCompile>
    <ClCompile Include="Source\Audio\BgmManager.cpp">
      <Filter>Source\Audio</Filter>
    </ClCompile>
    <ClCompile Include="Source\Audio\SoundManager.cpp">
      <Filter>Source\Audio</Filter>
    </ClCompile>
    <ClCompile Include="Source\Graphics\Fade.cpp">
      <Filter>Source\Graphics\Polygon</Filter>
    </ClCompile>
    <ClCompile Include="Source\Graphics\ShaderSetting.cpp">
      <Filter>Source\Graphics\Shader</Filter>
    </ClCompile>
    <ClCompile Include="Source\Graphics\HDRTexture.cpp">
      <Filter>Source\Graphics\Shader</Filter>
    </ClCompile>
    <ClCompile Include="Source\Graphics\RenderTarget.cpp">
      <Filter>Source\Graphics\Render</Filter>
    </ClCompile>
    <ClCompile Include="Source\Game\Scene\G0_Onigokko.cpp">
      <Filter>Source\Scene\GameScene\0.おにごっこ</Filter>
    </ClCompile>
    <ClCompile Include="Source\Game\Scene\G1_DarumasangaKoronda.cpp">
      <Filter>Source\Scene\GameScene\1.だるまさんが転んだ</Filter>
    </ClCompile>
    <ClCompile Include="Source\Game\Scene\G2_Sundome.cpp">
      <Filter>Source\Scene\GameScene\2.寸止め</Filter>
    </ClCompile>
    <ClCompile Include="Source\Game\Scene\G3_SoratobuHusenWari.cpp">
      <Filter>Source\Scene\GameScene\3.空飛ぶ風船割り</Filter>
    </ClCompile>
    <ClCompile Include="Source\Game\Scene\G4_OssanTataki.cpp">
      <Filter>Source\Scene\GameScene\4.おっさん叩き</Filter>
    </ClCompile>
    <ClCompile Include="Source\Game\Scene\G5_Asibawatari.cpp">
      <Filter>Source\Scene\GameScene\5.足場渡り</Filter>
    </ClCompile>
    <ClCompile Include="Source\Game\Character\Enemy\Enemy.cpp">
      <Filter>Source\Character\Enemy\Setting</Filter>
    </ClCompile>
    <ClCompile Include="Source\Game\Character\Enemy\EnemyManager.cpp">
      <Filter>Source\Character\Enemy\Setting</Filter>
    </ClCompile>
    <ClCompile Include="Source\Game\Character\Obstacle\Obstacle.cpp">
      <Filter>Source\Character\Obstacle\Setting</Filter>
    </ClCompile>
    <ClCompile Include="Source\Game\Character\Obstacle\ObstacleManager.cpp">
      <Filter>Source\Character\Obstacle\Setting</Filter>
    </ClCompile>
    <ClCompile Include="Source\Game\Character\Item\Item.cpp">
      <Filter>Source\Character\Item\Setting</Filter>
    </ClCompile>
    <ClCompile Include="Source\Game\Character\Item\ItemManager.cpp">
      <Filter>Source\Character\Item\Setting</Filter>
    </ClCompile>
    <ClCompile Include="Source\Game\Character\Player\Player0_Onigokko.cpp">
      <Filter>Source\Character\Player\0_おにごっこ</Filter>
    </ClCompile>
    <ClCompile Include="Source\Game\Character\Player\Player1_DarumasangaKoronda.cpp">
      <Filter>Source\Character\Player\1_だるまさんが転んだ</Filter>
    </ClCompile>
    <ClCompile Include="Source\Game\Character\Player\Player2_Sundome.cpp">
      <Filter>Source\Character\Player\2_寸止め</Filter>
    </ClCompile>
    <ClCompile Include="Source\Game\Character\Player\Player3_SoratobuHusenWari.cpp">
      <Filter>Source\Character\Player\3_空飛ぶ風船割り</Filter>
    </ClCompile>
    <ClCompile Include="Source\Game\Character\Player\Player4_OssanTataki.cpp">
      <Filter>Source\Character\Player\4_おっさんたたき</Filter>
    </ClCompile>
    <ClCompile Include="Source\Game\Character\Player\Player5_AsibaWatari.cpp">
      <Filter>Source\Character\Player\5_足場渡り</Filter>
    </ClCompile>
    <ClCompile Include="Source\Game\Stage\StageManager.cpp">
      <Filter>Source\Stage\0.Setting</Filter>
    </ClCompile>
    <ClCompile Include="Source\Game\Stage\StageMoveFloor.cpp">
      <Filter>Source\Stage\0.Setting</Filter>
    </ClCompile>
    <ClCompile Include="Source\Game\Stage\Stage.cpp">
      <Filter>Source\Stage\0.Setting</Filter>
    </ClCompile>
    <ClCompile Include="Source\Game\Stage\StageGameSelect.cpp">
      <Filter>Source\Stage</Filter>
    </ClCompile>
    <ClCompile Include="Source\Game\Stage\G0_StageOnigokko.cpp">
      <Filter>Source\Stage\StageGame</Filter>
    </ClCompile>
    <ClCompile Include="Source\Game\Scene\Scene.cpp">
      <Filter>Source\Scene\OtherScene</Filter>
    </ClCompile>
    <ClCompile Include="Source\Game\Scene\SceneGameSelect.cpp">
      <Filter>Source\Scene\OtherScene</Filter>
    </ClCompile>
    <ClCompile Include="Source\Game\Scene\SceneLoading.cpp">
      <Filter>Source\Scene\OtherScene</Filter>
    </ClCompile>
    <ClCompile Include="Source\Game\Scene\SceneManager.cpp">
      <Filter>Source\Scene\OtherScene</Filter>
    </ClCompile>
    <ClCompile Include="Source\Game\Scene\SceneTitle.cpp">
      <Filter>Source\Scene\OtherScene</Filter>
    </ClCompile>
    <ClCompile Include="Source\Game\Stage\G1_StageDarumasangaKoronda.cpp">
      <Filter>Source\Stage\StageGame</Filter>
    </ClCompile>
    <ClCompile Include="Source\Game\Character\Director\Director.cpp">
      <Filter>Source\Character\Director</Filter>
    </ClCompile>
    <ClCompile Include="Source\Game\Character\Director\DirectorManager.cpp">
      <Filter>Source\Character\Director</Filter>
    </ClCompile>
    <ClCompile Include="Source\Game\Character\Director\CameraTarget.cpp">
      <Filter>Source\Character\Director</Filter>
    </ClCompile>
    <ClCompile Include="Source\Game\Character\Obstacle\Togemaru.cpp">
      <Filter>Source\Character\Obstacle</Filter>
    </ClCompile>
    <ClCompile Include="Source\Graphics\Timer.cpp">
      <Filter>Source\Graphics\Polygon</Filter>
    </ClCompile>
  </ItemGroup>
  <ItemGroup>
    <None Include="HLSL\Debug.hlsli">
      <Filter>HLSL\Debug</Filter>
    </None>
    <None Include="HLSL\ImGui.hlsli">
      <Filter>HLSL\ImGui</Filter>
    </None>
    <None Include="HLSL\DefaltLit.hlsli">
      <Filter>HLSL\DefaltLit</Filter>
    </None>
    <None Include="HLSL\Line.hlsli">
      <Filter>HLSL\Line</Filter>
    </None>
    <None Include="HLSL\Sprite.hlsli">
      <Filter>HLSL\Sprite</Filter>
    </None>
    <None Include="Source\Game\Scene\G0_Onigokko.h">
      <Filter>Source\Scene\GameScene\0.おにごっこ</Filter>
    </None>
  </ItemGroup>
  <ItemGroup>
    <FxCompile Include="HLSL\DebugPS.hlsl">
      <Filter>HLSL\Debug</Filter>
    </FxCompile>
    <FxCompile Include="HLSL\DebugVS.hlsl">
      <Filter>HLSL\Debug</Filter>
    </FxCompile>
    <FxCompile Include="HLSL\ImGuiPS.hlsl">
      <Filter>HLSL\ImGui</Filter>
    </FxCompile>
    <FxCompile Include="HLSL\ImGuiVS.hlsl">
      <Filter>HLSL\ImGui</Filter>
    </FxCompile>
    <FxCompile Include="HLSL\DefaltLitPS.hlsl">
      <Filter>HLSL\DefaltLit</Filter>
    </FxCompile>
    <FxCompile Include="HLSL\DefaltLitVS.hlsl">
      <Filter>HLSL\DefaltLit</Filter>
    </FxCompile>
    <FxCompile Include="HLSL\LinePS.hlsl">
      <Filter>HLSL\Line</Filter>
    </FxCompile>
    <FxCompile Include="HLSL\LineVS.hlsl">
      <Filter>HLSL\Line</Filter>
    </FxCompile>
    <FxCompile Include="HLSL\SpritePS.hlsl">
      <Filter>HLSL\Sprite</Filter>
    </FxCompile>
    <FxCompile Include="HLSL\SpriteVS.hlsl">
      <Filter>HLSL\Sprite</Filter>
    </FxCompile>
    <FxCompile Include="Shader\PostEffectPS.hlsl">
      <Filter>HLSL</Filter>
    </FxCompile>
    <FxCompile Include="Shader\PostEffectVS.hlsl">
      <Filter>HLSL</Filter>
    </FxCompile>
  </ItemGroup>
</Project>